
Microsoft Visual Studio Solution File, Format Version 12.00
# Visual Studio 15
VisualStudioVersion = 15.0.26403.7
MinimumVisualStudioVersion = 10.0.40219.1
Project("{FAE04EC0-301F-11D3-BF4B-00C04F79EFBC}") = "LocalizationService", "LocalizationService\LocalizationService.csproj", "{EE507BE8-81E1-46EA-8F43-EE53DF44CDD7}"
EndProject
Global
	GlobalSection(SolutionConfigurationPlatforms) = preSolution
		Debug|Any CPU = Debug|Any CPU
		Release|Any CPU = Release|Any CPU
	EndGlobalSection
	GlobalSection(ProjectConfigurationPlatforms) = postSolution
		{EE507BE8-81E1-46EA-8F43-EE53DF44CDD7}.Debug|Any CPU.ActiveCfg = Debug|Any CPU
		{EE507BE8-81E1-46EA-8F43-EE53DF44CDD7}.Debug|Any CPU.Build.0 = Debug|Any CPU
		{EE507BE8-81E1-46EA-8F43-EE53DF44CDD7}.Release|Any CPU.ActiveCfg = Release|Any CPU
		{EE507BE8-81E1-46EA-8F43-EE53DF44CDD7}.Release|Any CPU.Build.0 = Release|Any CPU
	EndGlobalSection
	GlobalSection(SolutionProperties) = preSolution
		HideSolutionNode = FALSE
	EndGlobalSection
EndGlobal
